
Microsoft Visual Studio Solution File, Format Version 12.00
# Visual Studio Version 16
VisualStudioVersion = 16.0.31410.357
MinimumVisualStudioVersion = 10.0.40219.1
Project("{FAE04EC0-301F-11D3-BF4B-00C04F79EFBC}") = "Calculator1", "Calculator1.csproj", "{A3D55772-0E9E-4342-89C3-68CC4C31864B}"
EndProject
Global
	GlobalSection(SolutionConfigurationPlatforms) = preSolution
		Debug|Any CPU = Debug|Any CPU
		Release|Any CPU = Release|Any CPU
	EndGlobalSection
	GlobalSection(ProjectConfigurationPlatforms) = postSolution
		{A3D55772-0E9E-4342-89C3-68CC4C31864B}.Debug|Any CPU.ActiveCfg = Debug|Any CPU
		{A3D55772-0E9E-4342-89C3-68CC4C31864B}.Debug|Any CPU.Build.0 = Debug|Any CPU
		{A3D55772-0E9E-4342-89C3-68CC4C31864B}.Release|Any CPU.ActiveCfg = Release|Any CPU
		{A3D55772-0E9E-4342-89C3-68CC4C31864B}.Release|Any CPU.Build.0 = Release|Any CPU
	EndGlobalSection
	GlobalSection(SolutionProperties) = preSolution
		HideSolutionNode = FALSE
	EndGlobalSection
	GlobalSection(ExtensibilityGlobals) = postSolution
		SolutionGuid = {BEB417F9-5846-4A62-8EDB-63C10DEA79E1}
	EndGlobalSection
EndGlobal
